# @generated by Move, please check-in and do not edit manually.

[move]
version = 1
manifest_digest = "C32418A329F67841D311BD3A77035FF8458E52F6BC8B905CEFB944AD476C8508"
deps_digest = "F8BBB0CCB2491CA29A3DF03D6F92277A4F3574266507ACD77214D37ECA3F3082"
dependencies = [
  { name = "Sui" },
]

[[move.package]]
name = "MoveStdlib"
source = { git = "https://github.com/MystenLabs/sui.git", rev = "framework/devnet", subdir = "crates/sui-framework/packages/move-stdlib" }

[[move.package]]
name = "Sui"
source = { git = "https://github.com/MystenLabs/sui.git", rev = "framework/devnet", subdir = "crates/sui-framework/packages/sui-framework" }

dependencies = [
  { name = "MoveStdlib" },
]

[move.toolchain-version]
compiler-version = "1.23.0"
edition = "legacy"
flavor = "sui"

[env]

[env.devnet]
chain-id = "f1c1a0c0"
original-published-id = "0x5cc9b53754e9659f3f3e494fa9f3585c42319e26f4ec73f735f7c47ce9e9c0c8"
latest-published-id = "0x5cc9b53754e9659f3f3e494fa9f3585c42319e26f4ec73f735f7c47ce9e9c0c8"
published-version = "1"
